
Microsoft Visual Studio Solution File, Format Version 12.00
# Visual Studio Version 16
VisualStudioVersion = 16.0.29920.165
MinimumVisualStudioVersion = 10.0.40219.1
Project("{888888A0-9F3D-457C-B088-3A5042F75D52}") = "htmlSpecScraper", "htmlSpecScraper\htmlSpecScraper.pyproj", "{BF1AEE8F-6545-4718-BAAA-EBA324232ADA}"
EndProject
Global
	GlobalSection(SolutionConfigurationPlatforms) = preSolution
		Debug|Any CPU = Debug|Any CPU
		Release|Any CPU = Release|Any CPU
	EndGlobalSection
	GlobalSection(ProjectConfigurationPlatforms) = postSolution
		{BF1AEE8F-6545-4718-BAAA-EBA324232ADA}.Debug|Any CPU.ActiveCfg = Debug|Any CPU
		{BF1AEE8F-6545-4718-BAAA-EBA324232ADA}.Release|Any CPU.ActiveCfg = Release|Any CPU
	EndGlobalSection
	GlobalSection(SolutionProperties) = preSolution
		HideSolutionNode = FALSE
	EndGlobalSection
	GlobalSection(ExtensibilityGlobals) = postSolution
		SolutionGuid = {CF3FB54E-61EF-4B7D-9CC9-055AE463F647}
	EndGlobalSection
EndGlobal
